
Microsoft Visual Studio Solution File, Format Version 12.00
# Visual Studio Version 17
VisualStudioVersion = 17.5.33502.453
MinimumVisualStudioVersion = 10.0.40219.1
Project("{FAE04EC0-301F-11D3-BF4B-00C04F79EFBC}") = "1", "zd1\1.csproj", "{330A0D2A-FF10-446D-9B91-5F764DB634DB}"
EndProject
Global
	GlobalSection(SolutionConfigurationPlatforms) = preSolution
		Debug|Any CPU = Debug|Any CPU
		Release|Any CPU = Release|Any CPU
	EndGlobalSection
	GlobalSection(ProjectConfigurationPlatforms) = postSolution
		{330A0D2A-FF10-446D-9B91-5F764DB634DB}.Debug|Any CPU.ActiveCfg = Debug|Any CPU
		{330A0D2A-FF10-446D-9B91-5F764DB634DB}.Debug|Any CPU.Build.0 = Debug|Any CPU
		{330A0D2A-FF10-446D-9B91-5F764DB634DB}.Release|Any CPU.ActiveCfg = Release|Any CPU
		{330A0D2A-FF10-446D-9B91-5F764DB634DB}.Release|Any CPU.Build.0 = Release|Any CPU
	EndGlobalSection
	GlobalSection(SolutionProperties) = preSolution
		HideSolutionNode = FALSE
	EndGlobalSection
	GlobalSection(ExtensibilityGlobals) = postSolution
		SolutionGuid = {D18D754F-F2D7-45EA-A43A-8F5AEF285087}
	EndGlobalSection
EndGlobal
