
Microsoft Visual Studio Solution File, Format Version 12.00
# Visual Studio Version 17
VisualStudioVersion = 17.5.33502.453
MinimumVisualStudioVersion = 10.0.40219.1
Project("{FAE04EC0-301F-11D3-BF4B-00C04F79EFBC}") = "1", "1\1.csproj", "{E472940F-7D23-4FCD-9364-5257A2476D6E}"
EndProject
Global
	GlobalSection(SolutionConfigurationPlatforms) = preSolution
		Debug|Any CPU = Debug|Any CPU
		Release|Any CPU = Release|Any CPU
	EndGlobalSection
	GlobalSection(ProjectConfigurationPlatforms) = postSolution
		{E472940F-7D23-4FCD-9364-5257A2476D6E}.Debug|Any CPU.ActiveCfg = Debug|Any CPU
		{E472940F-7D23-4FCD-9364-5257A2476D6E}.Debug|Any CPU.Build.0 = Debug|Any CPU
		{E472940F-7D23-4FCD-9364-5257A2476D6E}.Release|Any CPU.ActiveCfg = Release|Any CPU
		{E472940F-7D23-4FCD-9364-5257A2476D6E}.Release|Any CPU.Build.0 = Release|Any CPU
	EndGlobalSection
	GlobalSection(SolutionProperties) = preSolution
		HideSolutionNode = FALSE
	EndGlobalSection
	GlobalSection(ExtensibilityGlobals) = postSolution
		SolutionGuid = {0B7CC49E-6C55-4FAB-BDDC-8733119FBA21}
	EndGlobalSection
EndGlobal
