
Microsoft Visual Studio Solution File, Format Version 12.00
# Visual Studio Version 17
VisualStudioVersion = 17.5.33502.453
MinimumVisualStudioVersion = 10.0.40219.1
Project("{9A19103F-16F7-4668-BE54-9A1E7A4F7556}") = "1", "1\1.csproj", "{D2FA9FF9-BD68-4A48-A50C-D4481142787E}"
EndProject
Project("{9A19103F-16F7-4668-BE54-9A1E7A4F7556}") = "2", "2\2.csproj", "{30C73958-F303-4BBC-9FCB-4F58893AF04A}"
EndProject
Global
	GlobalSection(SolutionConfigurationPlatforms) = preSolution
		Debug|Any CPU = Debug|Any CPU
		Release|Any CPU = Release|Any CPU
	EndGlobalSection
	GlobalSection(ProjectConfigurationPlatforms) = postSolution
		{D2FA9FF9-BD68-4A48-A50C-D4481142787E}.Debug|Any CPU.ActiveCfg = Debug|Any CPU
		{D2FA9FF9-BD68-4A48-A50C-D4481142787E}.Debug|Any CPU.Build.0 = Debug|Any CPU
		{D2FA9FF9-BD68-4A48-A50C-D4481142787E}.Release|Any CPU.ActiveCfg = Release|Any CPU
		{D2FA9FF9-BD68-4A48-A50C-D4481142787E}.Release|Any CPU.Build.0 = Release|Any CPU
		{30C73958-F303-4BBC-9FCB-4F58893AF04A}.Debug|Any CPU.ActiveCfg = Debug|Any CPU
		{30C73958-F303-4BBC-9FCB-4F58893AF04A}.Debug|Any CPU.Build.0 = Debug|Any CPU
		{30C73958-F303-4BBC-9FCB-4F58893AF04A}.Release|Any CPU.ActiveCfg = Release|Any CPU
		{30C73958-F303-4BBC-9FCB-4F58893AF04A}.Release|Any CPU.Build.0 = Release|Any CPU
	EndGlobalSection
	GlobalSection(SolutionProperties) = preSolution
		HideSolutionNode = FALSE
	EndGlobalSection
	GlobalSection(ExtensibilityGlobals) = postSolution
		SolutionGuid = {CF0AF31D-1491-4ABB-824F-7C6C0058F653}
	EndGlobalSection
EndGlobal
