
Microsoft Visual Studio Solution File, Format Version 12.00
# Visual Studio Version 17
VisualStudioVersion = 17.5.33414.496
MinimumVisualStudioVersion = 10.0.40219.1
Project("{9A19103F-16F7-4668-BE54-9A1E7A4F7556}") = "1", "1\1.csproj", "{07908BE9-A1F2-4240-98A8-BF5B03499F6D}"
EndProject
Project("{9A19103F-16F7-4668-BE54-9A1E7A4F7556}") = "2", "2\2.csproj", "{E26153ED-B12B-4C00-ADF8-FCB5D540FBEB}"
EndProject
Project("{FAE04EC0-301F-11D3-BF4B-00C04F79EFBC}") = "3", "3\3.csproj", "{3C6F456D-CF9F-4577-862F-E5DD974726DA}"
EndProject
Global
	GlobalSection(SolutionConfigurationPlatforms) = preSolution
		Debug|Any CPU = Debug|Any CPU
		Release|Any CPU = Release|Any CPU
	EndGlobalSection
	GlobalSection(ProjectConfigurationPlatforms) = postSolution
		{07908BE9-A1F2-4240-98A8-BF5B03499F6D}.Debug|Any CPU.ActiveCfg = Debug|Any CPU
		{07908BE9-A1F2-4240-98A8-BF5B03499F6D}.Debug|Any CPU.Build.0 = Debug|Any CPU
		{07908BE9-A1F2-4240-98A8-BF5B03499F6D}.Release|Any CPU.ActiveCfg = Release|Any CPU
		{07908BE9-A1F2-4240-98A8-BF5B03499F6D}.Release|Any CPU.Build.0 = Release|Any CPU
		{E26153ED-B12B-4C00-ADF8-FCB5D540FBEB}.Debug|Any CPU.ActiveCfg = Debug|Any CPU
		{E26153ED-B12B-4C00-ADF8-FCB5D540FBEB}.Debug|Any CPU.Build.0 = Debug|Any CPU
		{E26153ED-B12B-4C00-ADF8-FCB5D540FBEB}.Release|Any CPU.ActiveCfg = Release|Any CPU
		{E26153ED-B12B-4C00-ADF8-FCB5D540FBEB}.Release|Any CPU.Build.0 = Release|Any CPU
		{3C6F456D-CF9F-4577-862F-E5DD974726DA}.Debug|Any CPU.ActiveCfg = Debug|Any CPU
		{3C6F456D-CF9F-4577-862F-E5DD974726DA}.Debug|Any CPU.Build.0 = Debug|Any CPU
		{3C6F456D-CF9F-4577-862F-E5DD974726DA}.Release|Any CPU.ActiveCfg = Release|Any CPU
		{3C6F456D-CF9F-4577-862F-E5DD974726DA}.Release|Any CPU.Build.0 = Release|Any CPU
	EndGlobalSection
	GlobalSection(SolutionProperties) = preSolution
		HideSolutionNode = FALSE
	EndGlobalSection
	GlobalSection(ExtensibilityGlobals) = postSolution
		SolutionGuid = {81D9D9FD-D7E9-44D7-AF72-E359D531C405}
	EndGlobalSection
EndGlobal
