
Microsoft Visual Studio Solution File, Format Version 12.00
# Visual Studio Version 17
VisualStudioVersion = 17.5.33502.453
MinimumVisualStudioVersion = 10.0.40219.1
Project("{FAE04EC0-301F-11D3-BF4B-00C04F79EFBC}") = "4", "4\4.csproj", "{755A9986-70E3-4D15-927E-29D13ED0C44B}"
EndProject
Project("{54435603-DBB4-11D2-8724-00A0C9A8B90C}") = "Setup", "Setup\Setup.vdproj", "{4CD90269-F538-4F67-8F56-727305F74334}"
EndProject
Global
	GlobalSection(SolutionConfigurationPlatforms) = preSolution
		Debug|Any CPU = Debug|Any CPU
		Release|Any CPU = Release|Any CPU
	EndGlobalSection
	GlobalSection(ProjectConfigurationPlatforms) = postSolution
		{755A9986-70E3-4D15-927E-29D13ED0C44B}.Debug|Any CPU.ActiveCfg = Debug|Any CPU
		{755A9986-70E3-4D15-927E-29D13ED0C44B}.Debug|Any CPU.Build.0 = Debug|Any CPU
		{755A9986-70E3-4D15-927E-29D13ED0C44B}.Release|Any CPU.ActiveCfg = Release|Any CPU
		{755A9986-70E3-4D15-927E-29D13ED0C44B}.Release|Any CPU.Build.0 = Release|Any CPU
		{4CD90269-F538-4F67-8F56-727305F74334}.Debug|Any CPU.ActiveCfg = Debug
		{4CD90269-F538-4F67-8F56-727305F74334}.Release|Any CPU.ActiveCfg = Release
	EndGlobalSection
	GlobalSection(SolutionProperties) = preSolution
		HideSolutionNode = FALSE
	EndGlobalSection
	GlobalSection(ExtensibilityGlobals) = postSolution
		SolutionGuid = {D82BE8F8-61EA-4ED0-8D09-53DC74574A09}
	EndGlobalSection
EndGlobal
