
Microsoft Visual Studio Solution File, Format Version 12.00
# Visual Studio Version 17
VisualStudioVersion = 17.5.33414.496
MinimumVisualStudioVersion = 10.0.40219.1
Project("{FAE04EC0-301F-11D3-BF4B-00C04F79EFBC}") = "1", "1\1.csproj", "{70BD92A4-907D-412F-97CF-DD55AA8FA093}"
EndProject
Project("{FAE04EC0-301F-11D3-BF4B-00C04F79EFBC}") = "2", "2\2.csproj", "{8EAC6383-EE0C-48D2-B98E-10923FFC8448}"
EndProject
Project("{FAE04EC0-301F-11D3-BF4B-00C04F79EFBC}") = "3", "3\3.csproj", "{2B7E7115-7FC4-41E6-87DF-3BBABAB362CC}"
EndProject
Project("{FAE04EC0-301F-11D3-BF4B-00C04F79EFBC}") = "4", "4\4.csproj", "{C281475F-789D-47C6-BBF9-59DD602741FF}"
EndProject
Project("{FAE04EC0-301F-11D3-BF4B-00C04F79EFBC}") = "4 DO-WHILE", "4 DO-WHILE\4 DO-WHILE.csproj", "{DC836E95-5626-4942-B46E-3B9E5E8AB6A0}"
EndProject
Project("{FAE04EC0-301F-11D3-BF4B-00C04F79EFBC}") = "4 FOR", "4 FOR\4 FOR.csproj", "{360C760F-63E8-494B-A271-7708490F9093}"
EndProject
Project("{FAE04EC0-301F-11D3-BF4B-00C04F79EFBC}") = "5", "5\5.csproj", "{84AA4E84-FBFC-4804-91B7-85845894F2F3}"
EndProject
Project("{FAE04EC0-301F-11D3-BF4B-00C04F79EFBC}") = "6", "6\6.csproj", "{4D2D4573-6B65-4AF3-8A27-B5D41D045819}"
EndProject
Project("{FAE04EC0-301F-11D3-BF4B-00C04F79EFBC}") = "7", "7\7.csproj", "{C1F5BFA3-FCD8-4703-9732-5EAE610C1F70}"
EndProject
Project("{FAE04EC0-301F-11D3-BF4B-00C04F79EFBC}") = "8", "8\8.csproj", "{27E00892-843C-435F-AFBF-91CD457BA7D9}"
EndProject
Project("{FAE04EC0-301F-11D3-BF4B-00C04F79EFBC}") = "9", "9\9.csproj", "{DB61A080-8C7C-4775-B086-98D61D1C06B7}"
EndProject
Global
	GlobalSection(SolutionConfigurationPlatforms) = preSolution
		Debug|Any CPU = Debug|Any CPU
		Release|Any CPU = Release|Any CPU
	EndGlobalSection
	GlobalSection(ProjectConfigurationPlatforms) = postSolution
		{70BD92A4-907D-412F-97CF-DD55AA8FA093}.Debug|Any CPU.ActiveCfg = Debug|Any CPU
		{70BD92A4-907D-412F-97CF-DD55AA8FA093}.Debug|Any CPU.Build.0 = Debug|Any CPU
		{70BD92A4-907D-412F-97CF-DD55AA8FA093}.Release|Any CPU.ActiveCfg = Release|Any CPU
		{70BD92A4-907D-412F-97CF-DD55AA8FA093}.Release|Any CPU.Build.0 = Release|Any CPU
		{8EAC6383-EE0C-48D2-B98E-10923FFC8448}.Debug|Any CPU.ActiveCfg = Debug|Any CPU
		{8EAC6383-EE0C-48D2-B98E-10923FFC8448}.Debug|Any CPU.Build.0 = Debug|Any CPU
		{8EAC6383-EE0C-48D2-B98E-10923FFC8448}.Release|Any CPU.ActiveCfg = Release|Any CPU
		{8EAC6383-EE0C-48D2-B98E-10923FFC8448}.Release|Any CPU.Build.0 = Release|Any CPU
		{2B7E7115-7FC4-41E6-87DF-3BBABAB362CC}.Debug|Any CPU.ActiveCfg = Debug|Any CPU
		{2B7E7115-7FC4-41E6-87DF-3BBABAB362CC}.Debug|Any CPU.Build.0 = Debug|Any CPU
		{2B7E7115-7FC4-41E6-87DF-3BBABAB362CC}.Release|Any CPU.ActiveCfg = Release|Any CPU
		{2B7E7115-7FC4-41E6-87DF-3BBABAB362CC}.Release|Any CPU.Build.0 = Release|Any CPU
		{C281475F-789D-47C6-BBF9-59DD602741FF}.Debug|Any CPU.ActiveCfg = Debug|Any CPU
		{C281475F-789D-47C6-BBF9-59DD602741FF}.Debug|Any CPU.Build.0 = Debug|Any CPU
		{C281475F-789D-47C6-BBF9-59DD602741FF}.Release|Any CPU.ActiveCfg = Release|Any CPU
		{C281475F-789D-47C6-BBF9-59DD602741FF}.Release|Any CPU.Build.0 = Release|Any CPU
		{DC836E95-5626-4942-B46E-3B9E5E8AB6A0}.Debug|Any CPU.ActiveCfg = Debug|Any CPU
		{DC836E95-5626-4942-B46E-3B9E5E8AB6A0}.Debug|Any CPU.Build.0 = Debug|Any CPU
		{DC836E95-5626-4942-B46E-3B9E5E8AB6A0}.Release|Any CPU.ActiveCfg = Release|Any CPU
		{DC836E95-5626-4942-B46E-3B9E5E8AB6A0}.Release|Any CPU.Build.0 = Release|Any CPU
		{360C760F-63E8-494B-A271-7708490F9093}.Debug|Any CPU.ActiveCfg = Debug|Any CPU
		{360C760F-63E8-494B-A271-7708490F9093}.Debug|Any CPU.Build.0 = Debug|Any CPU
		{360C760F-63E8-494B-A271-7708490F9093}.Release|Any CPU.ActiveCfg = Release|Any CPU
		{360C760F-63E8-494B-A271-7708490F9093}.Release|Any CPU.Build.0 = Release|Any CPU
		{84AA4E84-FBFC-4804-91B7-85845894F2F3}.Debug|Any CPU.ActiveCfg = Debug|Any CPU
		{84AA4E84-FBFC-4804-91B7-85845894F2F3}.Debug|Any CPU.Build.0 = Debug|Any CPU
		{84AA4E84-FBFC-4804-91B7-85845894F2F3}.Release|Any CPU.ActiveCfg = Release|Any CPU
		{84AA4E84-FBFC-4804-91B7-85845894F2F3}.Release|Any CPU.Build.0 = Release|Any CPU
		{4D2D4573-6B65-4AF3-8A27-B5D41D045819}.Debug|Any CPU.ActiveCfg = Debug|Any CPU
		{4D2D4573-6B65-4AF3-8A27-B5D41D045819}.Debug|Any CPU.Build.0 = Debug|Any CPU
		{4D2D4573-6B65-4AF3-8A27-B5D41D045819}.Release|Any CPU.ActiveCfg = Release|Any CPU
		{4D2D4573-6B65-4AF3-8A27-B5D41D045819}.Release|Any CPU.Build.0 = Release|Any CPU
		{C1F5BFA3-FCD8-4703-9732-5EAE610C1F70}.Debug|Any CPU.ActiveCfg = Debug|Any CPU
		{C1F5BFA3-FCD8-4703-9732-5EAE610C1F70}.Debug|Any CPU.Build.0 = Debug|Any CPU
		{C1F5BFA3-FCD8-4703-9732-5EAE610C1F70}.Release|Any CPU.ActiveCfg = Release|Any CPU
		{C1F5BFA3-FCD8-4703-9732-5EAE610C1F70}.Release|Any CPU.Build.0 = Release|Any CPU
		{27E00892-843C-435F-AFBF-91CD457BA7D9}.Debug|Any CPU.ActiveCfg = Debug|Any CPU
		{27E00892-843C-435F-AFBF-91CD457BA7D9}.Debug|Any CPU.Build.0 = Debug|Any CPU
		{27E00892-843C-435F-AFBF-91CD457BA7D9}.Release|Any CPU.ActiveCfg = Release|Any CPU
		{27E00892-843C-435F-AFBF-91CD457BA7D9}.Release|Any CPU.Build.0 = Release|Any CPU
		{DB61A080-8C7C-4775-B086-98D61D1C06B7}.Debug|Any CPU.ActiveCfg = Debug|Any CPU
		{DB61A080-8C7C-4775-B086-98D61D1C06B7}.Debug|Any CPU.Build.0 = Debug|Any CPU
		{DB61A080-8C7C-4775-B086-98D61D1C06B7}.Release|Any CPU.ActiveCfg = Release|Any CPU
		{DB61A080-8C7C-4775-B086-98D61D1C06B7}.Release|Any CPU.Build.0 = Release|Any CPU
	EndGlobalSection
	GlobalSection(SolutionProperties) = preSolution
		HideSolutionNode = FALSE
	EndGlobalSection
	GlobalSection(ExtensibilityGlobals) = postSolution
		SolutionGuid = {A613F67B-FD6C-4FDE-9E7B-42A5BB70ED4A}
	EndGlobalSection
EndGlobal
