
Microsoft Visual Studio Solution File, Format Version 12.00
# Visual Studio Version 17
VisualStudioVersion = 17.5.33502.453
MinimumVisualStudioVersion = 10.0.40219.1
Project("{FAE04EC0-301F-11D3-BF4B-00C04F79EFBC}") = "1", "1\1.csproj", "{CD011656-AAD6-40E2-A3C1-C46BA663D240}"
EndProject
Project("{FAE04EC0-301F-11D3-BF4B-00C04F79EFBC}") = "2", "2\2.csproj", "{79846B4C-20DA-470F-8523-D0194D3413C4}"
EndProject
Project("{FAE04EC0-301F-11D3-BF4B-00C04F79EFBC}") = "3", "3\3.csproj", "{F8EB453F-888B-423B-BCD0-CD1159E0565F}"
EndProject
Project("{FAE04EC0-301F-11D3-BF4B-00C04F79EFBC}") = "4", "4\4.csproj", "{8D228994-1BAE-4A48-8416-F2D2F7C554E9}"
EndProject
Global
	GlobalSection(SolutionConfigurationPlatforms) = preSolution
		Debug|Any CPU = Debug|Any CPU
		Release|Any CPU = Release|Any CPU
	EndGlobalSection
	GlobalSection(ProjectConfigurationPlatforms) = postSolution
		{CD011656-AAD6-40E2-A3C1-C46BA663D240}.Debug|Any CPU.ActiveCfg = Debug|Any CPU
		{CD011656-AAD6-40E2-A3C1-C46BA663D240}.Debug|Any CPU.Build.0 = Debug|Any CPU
		{CD011656-AAD6-40E2-A3C1-C46BA663D240}.Release|Any CPU.ActiveCfg = Release|Any CPU
		{CD011656-AAD6-40E2-A3C1-C46BA663D240}.Release|Any CPU.Build.0 = Release|Any CPU
		{79846B4C-20DA-470F-8523-D0194D3413C4}.Debug|Any CPU.ActiveCfg = Debug|Any CPU
		{79846B4C-20DA-470F-8523-D0194D3413C4}.Debug|Any CPU.Build.0 = Debug|Any CPU
		{79846B4C-20DA-470F-8523-D0194D3413C4}.Release|Any CPU.ActiveCfg = Release|Any CPU
		{79846B4C-20DA-470F-8523-D0194D3413C4}.Release|Any CPU.Build.0 = Release|Any CPU
		{F8EB453F-888B-423B-BCD0-CD1159E0565F}.Debug|Any CPU.ActiveCfg = Debug|Any CPU
		{F8EB453F-888B-423B-BCD0-CD1159E0565F}.Debug|Any CPU.Build.0 = Debug|Any CPU
		{F8EB453F-888B-423B-BCD0-CD1159E0565F}.Release|Any CPU.ActiveCfg = Release|Any CPU
		{F8EB453F-888B-423B-BCD0-CD1159E0565F}.Release|Any CPU.Build.0 = Release|Any CPU
		{8D228994-1BAE-4A48-8416-F2D2F7C554E9}.Debug|Any CPU.ActiveCfg = Debug|Any CPU
		{8D228994-1BAE-4A48-8416-F2D2F7C554E9}.Debug|Any CPU.Build.0 = Debug|Any CPU
		{8D228994-1BAE-4A48-8416-F2D2F7C554E9}.Release|Any CPU.ActiveCfg = Release|Any CPU
		{8D228994-1BAE-4A48-8416-F2D2F7C554E9}.Release|Any CPU.Build.0 = Release|Any CPU
	EndGlobalSection
	GlobalSection(SolutionProperties) = preSolution
		HideSolutionNode = FALSE
	EndGlobalSection
	GlobalSection(ExtensibilityGlobals) = postSolution
		SolutionGuid = {E85CFD24-9EB1-4F16-8015-7A335647BEB0}
	EndGlobalSection
EndGlobal
