
Microsoft Visual Studio Solution File, Format Version 12.00
# Visual Studio Version 17
VisualStudioVersion = 17.5.33502.453
MinimumVisualStudioVersion = 10.0.40219.1
Project("{FAE04EC0-301F-11D3-BF4B-00C04F79EFBC}") = "1", "1\1.csproj", "{E1FC6722-47DC-4CCB-B422-425A2B9EE4B6}"
EndProject
Project("{FAE04EC0-301F-11D3-BF4B-00C04F79EFBC}") = "2", "2\2.csproj", "{BC629034-B906-45EA-AF48-B9B2112EF20C}"
EndProject
Global
	GlobalSection(SolutionConfigurationPlatforms) = preSolution
		Debug|Any CPU = Debug|Any CPU
		Release|Any CPU = Release|Any CPU
	EndGlobalSection
	GlobalSection(ProjectConfigurationPlatforms) = postSolution
		{E1FC6722-47DC-4CCB-B422-425A2B9EE4B6}.Debug|Any CPU.ActiveCfg = Debug|Any CPU
		{E1FC6722-47DC-4CCB-B422-425A2B9EE4B6}.Debug|Any CPU.Build.0 = Debug|Any CPU
		{E1FC6722-47DC-4CCB-B422-425A2B9EE4B6}.Release|Any CPU.ActiveCfg = Release|Any CPU
		{E1FC6722-47DC-4CCB-B422-425A2B9EE4B6}.Release|Any CPU.Build.0 = Release|Any CPU
		{BC629034-B906-45EA-AF48-B9B2112EF20C}.Debug|Any CPU.ActiveCfg = Debug|Any CPU
		{BC629034-B906-45EA-AF48-B9B2112EF20C}.Debug|Any CPU.Build.0 = Debug|Any CPU
		{BC629034-B906-45EA-AF48-B9B2112EF20C}.Release|Any CPU.ActiveCfg = Release|Any CPU
		{BC629034-B906-45EA-AF48-B9B2112EF20C}.Release|Any CPU.Build.0 = Release|Any CPU
	EndGlobalSection
	GlobalSection(SolutionProperties) = preSolution
		HideSolutionNode = FALSE
	EndGlobalSection
	GlobalSection(ExtensibilityGlobals) = postSolution
		SolutionGuid = {4C1DCCC3-61E5-40EF-B0BB-2521A8852C14}
	EndGlobalSection
EndGlobal
