
Microsoft Visual Studio Solution File, Format Version 12.00
# Visual Studio Version 17
VisualStudioVersion = 17.5.33414.496
MinimumVisualStudioVersion = 10.0.40219.1
Project("{FAE04EC0-301F-11D3-BF4B-00C04F79EFBC}") = "1", "1\1.csproj", "{C429FE08-EF69-447E-973A-DE37923C701B}"
EndProject
Project("{FAE04EC0-301F-11D3-BF4B-00C04F79EFBC}") = "2", "2\2.csproj", "{F02DF488-A369-4161-85E4-7E18216ADCCA}"
EndProject
Project("{FAE04EC0-301F-11D3-BF4B-00C04F79EFBC}") = "3", "3\3.csproj", "{35BFA162-CB8D-455C-8562-514D97F1B040}"
EndProject
Project("{FAE04EC0-301F-11D3-BF4B-00C04F79EFBC}") = "4", "4\4.csproj", "{FE18E25F-F788-4702-90F2-17D035AB72A2}"
EndProject
Project("{FAE04EC0-301F-11D3-BF4B-00C04F79EFBC}") = "5", "5\5.csproj", "{843DF82F-155C-4787-B32D-61F90BBAE1D8}"
EndProject
Project("{FAE04EC0-301F-11D3-BF4B-00C04F79EFBC}") = "6", "6\6.csproj", "{5BCECD32-F780-47BE-9BE2-0BE78E85626C}"
EndProject
Project("{FAE04EC0-301F-11D3-BF4B-00C04F79EFBC}") = "7", "7\7.csproj", "{D151A4CD-3944-4091-8FAC-AAEE07CB1630}"
EndProject
Global
	GlobalSection(SolutionConfigurationPlatforms) = preSolution
		Debug|Any CPU = Debug|Any CPU
		Release|Any CPU = Release|Any CPU
	EndGlobalSection
	GlobalSection(ProjectConfigurationPlatforms) = postSolution
		{C429FE08-EF69-447E-973A-DE37923C701B}.Debug|Any CPU.ActiveCfg = Debug|Any CPU
		{C429FE08-EF69-447E-973A-DE37923C701B}.Debug|Any CPU.Build.0 = Debug|Any CPU
		{C429FE08-EF69-447E-973A-DE37923C701B}.Release|Any CPU.ActiveCfg = Release|Any CPU
		{C429FE08-EF69-447E-973A-DE37923C701B}.Release|Any CPU.Build.0 = Release|Any CPU
		{F02DF488-A369-4161-85E4-7E18216ADCCA}.Debug|Any CPU.ActiveCfg = Debug|Any CPU
		{F02DF488-A369-4161-85E4-7E18216ADCCA}.Debug|Any CPU.Build.0 = Debug|Any CPU
		{F02DF488-A369-4161-85E4-7E18216ADCCA}.Release|Any CPU.ActiveCfg = Release|Any CPU
		{F02DF488-A369-4161-85E4-7E18216ADCCA}.Release|Any CPU.Build.0 = Release|Any CPU
		{35BFA162-CB8D-455C-8562-514D97F1B040}.Debug|Any CPU.ActiveCfg = Debug|Any CPU
		{35BFA162-CB8D-455C-8562-514D97F1B040}.Debug|Any CPU.Build.0 = Debug|Any CPU
		{35BFA162-CB8D-455C-8562-514D97F1B040}.Release|Any CPU.ActiveCfg = Release|Any CPU
		{35BFA162-CB8D-455C-8562-514D97F1B040}.Release|Any CPU.Build.0 = Release|Any CPU
		{FE18E25F-F788-4702-90F2-17D035AB72A2}.Debug|Any CPU.ActiveCfg = Debug|Any CPU
		{FE18E25F-F788-4702-90F2-17D035AB72A2}.Debug|Any CPU.Build.0 = Debug|Any CPU
		{FE18E25F-F788-4702-90F2-17D035AB72A2}.Release|Any CPU.ActiveCfg = Release|Any CPU
		{FE18E25F-F788-4702-90F2-17D035AB72A2}.Release|Any CPU.Build.0 = Release|Any CPU
		{843DF82F-155C-4787-B32D-61F90BBAE1D8}.Debug|Any CPU.ActiveCfg = Debug|Any CPU
		{843DF82F-155C-4787-B32D-61F90BBAE1D8}.Debug|Any CPU.Build.0 = Debug|Any CPU
		{843DF82F-155C-4787-B32D-61F90BBAE1D8}.Release|Any CPU.ActiveCfg = Release|Any CPU
		{843DF82F-155C-4787-B32D-61F90BBAE1D8}.Release|Any CPU.Build.0 = Release|Any CPU
		{5BCECD32-F780-47BE-9BE2-0BE78E85626C}.Debug|Any CPU.ActiveCfg = Debug|Any CPU
		{5BCECD32-F780-47BE-9BE2-0BE78E85626C}.Debug|Any CPU.Build.0 = Debug|Any CPU
		{5BCECD32-F780-47BE-9BE2-0BE78E85626C}.Release|Any CPU.ActiveCfg = Release|Any CPU
		{5BCECD32-F780-47BE-9BE2-0BE78E85626C}.Release|Any CPU.Build.0 = Release|Any CPU
		{D151A4CD-3944-4091-8FAC-AAEE07CB1630}.Debug|Any CPU.ActiveCfg = Debug|Any CPU
		{D151A4CD-3944-4091-8FAC-AAEE07CB1630}.Debug|Any CPU.Build.0 = Debug|Any CPU
		{D151A4CD-3944-4091-8FAC-AAEE07CB1630}.Release|Any CPU.ActiveCfg = Release|Any CPU
		{D151A4CD-3944-4091-8FAC-AAEE07CB1630}.Release|Any CPU.Build.0 = Release|Any CPU
	EndGlobalSection
	GlobalSection(SolutionProperties) = preSolution
		HideSolutionNode = FALSE
	EndGlobalSection
	GlobalSection(ExtensibilityGlobals) = postSolution
		SolutionGuid = {93A55B76-C7C5-4549-8815-C992D4303C09}
	EndGlobalSection
EndGlobal
