
Microsoft Visual Studio Solution File, Format Version 12.00
# Visual Studio Version 17
VisualStudioVersion = 17.5.33414.496
MinimumVisualStudioVersion = 10.0.40219.1
Project("{9A19103F-16F7-4668-BE54-9A1E7A4F7556}") = "1", "1\1.csproj", "{67BFE9BA-B04D-4909-B981-B6F71BB103BA}"
EndProject
Project("{9A19103F-16F7-4668-BE54-9A1E7A4F7556}") = "11", "11\11.csproj", "{086D2700-DCF2-4898-9AAE-2FE803823BEF}"
EndProject
Project("{9A19103F-16F7-4668-BE54-9A1E7A4F7556}") = "2", "2\2.csproj", "{243A25F6-5745-48E7-A67B-3C11FFA0D581}"
EndProject
Project("{FAE04EC0-301F-11D3-BF4B-00C04F79EFBC}") = "3", "3\3.csproj", "{B9B599B9-4075-483A-9999-55123F7B41EE}"
EndProject
Global
	GlobalSection(SolutionConfigurationPlatforms) = preSolution
		Debug|Any CPU = Debug|Any CPU
		Release|Any CPU = Release|Any CPU
	EndGlobalSection
	GlobalSection(ProjectConfigurationPlatforms) = postSolution
		{67BFE9BA-B04D-4909-B981-B6F71BB103BA}.Debug|Any CPU.ActiveCfg = Debug|Any CPU
		{67BFE9BA-B04D-4909-B981-B6F71BB103BA}.Debug|Any CPU.Build.0 = Debug|Any CPU
		{67BFE9BA-B04D-4909-B981-B6F71BB103BA}.Release|Any CPU.ActiveCfg = Release|Any CPU
		{67BFE9BA-B04D-4909-B981-B6F71BB103BA}.Release|Any CPU.Build.0 = Release|Any CPU
		{086D2700-DCF2-4898-9AAE-2FE803823BEF}.Debug|Any CPU.ActiveCfg = Debug|Any CPU
		{086D2700-DCF2-4898-9AAE-2FE803823BEF}.Debug|Any CPU.Build.0 = Debug|Any CPU
		{086D2700-DCF2-4898-9AAE-2FE803823BEF}.Release|Any CPU.ActiveCfg = Release|Any CPU
		{086D2700-DCF2-4898-9AAE-2FE803823BEF}.Release|Any CPU.Build.0 = Release|Any CPU
		{243A25F6-5745-48E7-A67B-3C11FFA0D581}.Debug|Any CPU.ActiveCfg = Debug|Any CPU
		{243A25F6-5745-48E7-A67B-3C11FFA0D581}.Debug|Any CPU.Build.0 = Debug|Any CPU
		{243A25F6-5745-48E7-A67B-3C11FFA0D581}.Release|Any CPU.ActiveCfg = Release|Any CPU
		{243A25F6-5745-48E7-A67B-3C11FFA0D581}.Release|Any CPU.Build.0 = Release|Any CPU
		{B9B599B9-4075-483A-9999-55123F7B41EE}.Debug|Any CPU.ActiveCfg = Debug|Any CPU
		{B9B599B9-4075-483A-9999-55123F7B41EE}.Debug|Any CPU.Build.0 = Debug|Any CPU
		{B9B599B9-4075-483A-9999-55123F7B41EE}.Release|Any CPU.ActiveCfg = Release|Any CPU
		{B9B599B9-4075-483A-9999-55123F7B41EE}.Release|Any CPU.Build.0 = Release|Any CPU
	EndGlobalSection
	GlobalSection(SolutionProperties) = preSolution
		HideSolutionNode = FALSE
	EndGlobalSection
	GlobalSection(ExtensibilityGlobals) = postSolution
		SolutionGuid = {3F4D9696-0325-46B7-A15A-9AF10F42AC63}
	EndGlobalSection
EndGlobal
